
Microsoft Visual Studio Solution File, Format Version 12.00
Project("{FAE04EC0-301F-11D3-BF4B-00C04F79EFBC}") = "lection1", "lection1\lection1.csproj", "{E974BA81-8963-417F-B641-6CCFEDC7E6E3}"
EndProject
Project("{FAE04EC0-301F-11D3-BF4B-00C04F79EFBC}") = "Primitives_1", "Primitives_1\Primitives_1.csproj", "{DAFC3920-ACD4-440D-8AB8-B7E2DAFDF0E4}"
EndProject
Project("{FAE04EC0-301F-11D3-BF4B-00C04F79EFBC}") = "Homework", "Homework\Homework.csproj", "{7CDFD855-E2EA-412A-8CEE-9DBA315ECA1F}"
EndProject
Project("{FAE04EC0-301F-11D3-BF4B-00C04F79EFBC}") = "ConsoleApplication1", "ConsoleApplication1\ConsoleApplication1.csproj", "{DD8E010A-2144-43A1-9643-621F2D9EE2E8}"
EndProject
Project("{FAE04EC0-301F-11D3-BF4B-00C04F79EFBC}") = "HomeWork_2", "HomeWork_2\HomeWork_2.csproj", "{19259C4D-3B28-4B38-9C5E-9866AF3B5757}"
EndProject
Global
	GlobalSection(SolutionConfigurationPlatforms) = preSolution
		Debug|Any CPU = Debug|Any CPU
		Release|Any CPU = Release|Any CPU
	EndGlobalSection
	GlobalSection(ProjectConfigurationPlatforms) = postSolution
		{E974BA81-8963-417F-B641-6CCFEDC7E6E3}.Debug|Any CPU.ActiveCfg = Debug|Any CPU
		{E974BA81-8963-417F-B641-6CCFEDC7E6E3}.Debug|Any CPU.Build.0 = Debug|Any CPU
		{E974BA81-8963-417F-B641-6CCFEDC7E6E3}.Release|Any CPU.ActiveCfg = Release|Any CPU
		{E974BA81-8963-417F-B641-6CCFEDC7E6E3}.Release|Any CPU.Build.0 = Release|Any CPU
		{DAFC3920-ACD4-440D-8AB8-B7E2DAFDF0E4}.Debug|Any CPU.ActiveCfg = Debug|Any CPU
		{DAFC3920-ACD4-440D-8AB8-B7E2DAFDF0E4}.Debug|Any CPU.Build.0 = Debug|Any CPU
		{DAFC3920-ACD4-440D-8AB8-B7E2DAFDF0E4}.Release|Any CPU.ActiveCfg = Release|Any CPU
		{DAFC3920-ACD4-440D-8AB8-B7E2DAFDF0E4}.Release|Any CPU.Build.0 = Release|Any CPU
		{7CDFD855-E2EA-412A-8CEE-9DBA315ECA1F}.Debug|Any CPU.ActiveCfg = Debug|Any CPU
		{7CDFD855-E2EA-412A-8CEE-9DBA315ECA1F}.Debug|Any CPU.Build.0 = Debug|Any CPU
		{7CDFD855-E2EA-412A-8CEE-9DBA315ECA1F}.Release|Any CPU.ActiveCfg = Release|Any CPU
		{7CDFD855-E2EA-412A-8CEE-9DBA315ECA1F}.Release|Any CPU.Build.0 = Release|Any CPU
		{DD8E010A-2144-43A1-9643-621F2D9EE2E8}.Debug|Any CPU.ActiveCfg = Debug|Any CPU
		{DD8E010A-2144-43A1-9643-621F2D9EE2E8}.Debug|Any CPU.Build.0 = Debug|Any CPU
		{DD8E010A-2144-43A1-9643-621F2D9EE2E8}.Release|Any CPU.ActiveCfg = Release|Any CPU
		{DD8E010A-2144-43A1-9643-621F2D9EE2E8}.Release|Any CPU.Build.0 = Release|Any CPU
		{19259C4D-3B28-4B38-9C5E-9866AF3B5757}.Debug|Any CPU.ActiveCfg = Debug|Any CPU
		{19259C4D-3B28-4B38-9C5E-9866AF3B5757}.Debug|Any CPU.Build.0 = Debug|Any CPU
		{19259C4D-3B28-4B38-9C5E-9866AF3B5757}.Release|Any CPU.ActiveCfg = Release|Any CPU
		{19259C4D-3B28-4B38-9C5E-9866AF3B5757}.Release|Any CPU.Build.0 = Release|Any CPU
	EndGlobalSection
EndGlobal
